
Microsoft Visual Studio Solution File, Format Version 12.00
# Visual Studio Version 17
VisualStudioVersion = 17.9.34723.18
MinimumVisualStudioVersion = 10.0.40219.1
Project("{F184B08F-C81C-45F6-A57F-5ABD9991F28F}") = "Onvif Camera Search", "Onvif Camera Search\Onvif Camera Search.vbproj", "{46090306-AED9-454F-A68E-8C5D7B5F1D2D}"
EndProject
Global
	GlobalSection(SolutionConfigurationPlatforms) = preSolution
		Debug|Any CPU = Debug|Any CPU
		Release|Any CPU = Release|Any CPU
	EndGlobalSection
	GlobalSection(ProjectConfigurationPlatforms) = postSolution
		{46090306-AED9-454F-A68E-8C5D7B5F1D2D}.Debug|Any CPU.ActiveCfg = Debug|Any CPU
		{46090306-AED9-454F-A68E-8C5D7B5F1D2D}.Debug|Any CPU.Build.0 = Debug|Any CPU
		{46090306-AED9-454F-A68E-8C5D7B5F1D2D}.Release|Any CPU.ActiveCfg = Release|Any CPU
		{46090306-AED9-454F-A68E-8C5D7B5F1D2D}.Release|Any CPU.Build.0 = Release|Any CPU
	EndGlobalSection
	GlobalSection(SolutionProperties) = preSolution
		HideSolutionNode = FALSE
	EndGlobalSection
	GlobalSection(ExtensibilityGlobals) = postSolution
		SolutionGuid = {2425E6CA-DD70-48D0-9FBF-8034B5765288}
	EndGlobalSection
EndGlobal
